PODS:
  - AppRouter (5.1.0):
    - AppRouter/Core (= 5.1.0)
  - AppRouter/Core (5.1.0)
  - Differentiator (5.0.0)
  - RxCocoa (6.5.0):
    - RxRelay (= 6.5.0)
    - RxSwift (= 6.5.0)
  - RxDataSources (5.0.0):
    - Differentiator (~> 5.0)
    - RxCocoa (~> 6.0)
    - RxSwift (~> 6.0)
  - RxRelay (6.5.0):
    - RxSwift (= 6.5.0)
  - RxSwift (6.5.0)
  - SnapKit (5.6.0)

DEPENDENCIES:
  - AppRouter
  - RxCocoa
  - RxDataSources
  - RxSwift
  - SnapKit

SPEC REPOS:
  trunk:
    - AppRouter
    - Differentiator
    - RxCocoa
    - RxDataSources
    - RxRelay
    - RxSwift
    - SnapKit

SPEC CHECKSUMS:
  AppRouter: 75e9e00c07bb00b1e5f2479d437b5a8bed142f1f
  Differentiator: e8497ceab83c1b10ca233716d547b9af21b9344d
  RxCocoa: 94f817b71c07517321eb4f9ad299112ca8af743b
  RxDataSources: aa47cc1ed6c500fa0dfecac5c979b723542d79cf
  RxRelay: 1de1523e604c72b6c68feadedd1af3b1b4d0ecbd
  RxSwift: 5710a9e6b17f3c3d6e40d6e559b9fa1e813b2ef8
  SnapKit: e01d52ebb8ddbc333eefe2132acf85c8227d9c25

PODFILE CHECKSUM: 978d8d17fc5a3de25053e5fcfb04804101a2f633

COCOAPODS: 1.11.3
