// !$*UTF8*$!
{
	archiveVersion = 1;
	classes = {
	};
	objectVersion = 56;
	objects = {

/* Begin PBXBuildFile section */
		DAA8CC7208D8EA82339650FF /* Pods_Swifty_Proteins.framework in Frameworks */ = {isa = PBXBuildFile; fileRef = 8A3D5B2C3E5754C38FE68370 /* Pods_Swifty_Proteins.framework */; };
		EA0E100729153C8F00754D46 /* LoginViewController.swift in Sources */ = {isa = PBXBuildFile; fileRef = EA0E100429153C8F00754D46 /* LoginViewController.swift */; };
		EA0E100829153C8F00754D46 /* LoginView.swift in Sources */ = {isa = PBXBuildFile; fileRef = EA0E100529153C8F00754D46 /* LoginView.swift */; };
		EA0E100929153C8F00754D46 /* LoginViewModel.swift in Sources */ = {isa = PBXBuildFile; fileRef = EA0E100629153C8F00754D46 /* LoginViewModel.swift */; };
		EA13393E2916CC3E00C695BB /* ProteinListViewCell.swift in Sources */ = {isa = PBXBuildFile; fileRef = EA13393D2916CC3E00C695BB /* ProteinListViewCell.swift */; };
		EA4F152D291542F300943616 /* AppRouter+Login.swift in Sources */ = {isa = PBXBuildFile; fileRef = EA4F152C291542F300943616 /* AppRouter+Login.swift */; };
		EAC05994291FC1B500DA7594 /* Rx+Ext.swift in Sources */ = {isa = PBXBuildFile; fileRef = EAC05993291FC1B500DA7594 /* Rx+Ext.swift */; };
		EAC4A056290561E800F88736 /* AppDelegate.swift in Sources */ = {isa = PBXBuildFile; fileRef = EAC4A055290561E800F88736 /* AppDelegate.swift */; };
		EAC4A058290561E800F88736 /* SceneDelegate.swift in Sources */ = {isa = PBXBuildFile; fileRef = EAC4A057290561E800F88736 /* SceneDelegate.swift */; };
		EAC4A05F290561E800F88736 /* Assets.xcassets in Resources */ = {isa = PBXBuildFile; fileRef = EAC4A05E290561E800F88736 /* Assets.xcassets */; };
		EAC4A062290561E800F88736 /* LaunchScreen.storyboard in Resources */ = {isa = PBXBuildFile; fileRef = EAC4A060290561E800F88736 /* LaunchScreen.storyboard */; };
		EAE6F8802915454A00A049D7 /* AppRouter+ProteinList.swift in Sources */ = {isa = PBXBuildFile; fileRef = EAE6F87C2915454A00A049D7 /* AppRouter+ProteinList.swift */; };
		EAE6F8812915454A00A049D7 /* ProteinListViewController.swift in Sources */ = {isa = PBXBuildFile; fileRef = EAE6F87D2915454A00A049D7 /* ProteinListViewController.swift */; };
		EAE6F8822915454A00A049D7 /* ProteinListView.swift in Sources */ = {isa = PBXBuildFile; fileRef = EAE6F87E2915454A00A049D7 /* ProteinListView.swift */; };
		EAE6F8832915454A00A049D7 /* ProteinListViewModel.swift in Sources */ = {isa = PBXBuildFile; fileRef = EAE6F87F2915454A00A049D7 /* ProteinListViewModel.swift */; };
		EAE6F889291545EA00A049D7 /* AppRouter+Protein.swift in Sources */ = {isa = PBXBuildFile; fileRef = EAE6F885291545EA00A049D7 /* AppRouter+Protein.swift */; };
		EAE6F88A291545EA00A049D7 /* ProteinViewController.swift in Sources */ = {isa = PBXBuildFile; fileRef = EAE6F886291545EA00A049D7 /* ProteinViewController.swift */; };
		EAE6F88B291545EA00A049D7 /* ProteinView.swift in Sources */ = {isa = PBXBuildFile; fileRef = EAE6F887291545EA00A049D7 /* ProteinView.swift */; };
		EAE6F88C291545EA00A049D7 /* ProteinViewModel.swift in Sources */ = {isa = PBXBuildFile; fileRef = EAE6F888291545EA00A049D7 /* ProteinViewModel.swift */; };
		EAF3FE2A291557470068FB77 /* Localizable.strings in Resources */ = {isa = PBXBuildFile; fileRef = EAF3FE28291557470068FB77 /* Localizable.strings */; };
		EAF3FE2C291558860068FB77 /* Strings+Generated.swift in Sources */ = {isa = PBXBuildFile; fileRef = EAF3FE2B291558860068FB77 /* Strings+Generated.swift */; };
		EAF3FE2E291559A60068FB77 /* Assets+Generated.swift in Sources */ = {isa = PBXBuildFile; fileRef = EAF3FE2D291559A60068FB77 /* Assets+Generated.swift */; };
		EAF3FE3129155D850068FB77 /* ligands.txt in Resources */ = {isa = PBXBuildFile; fileRef = EAF3FE3029155D850068FB77 /* ligands.txt */; };
		EAF3FE3329155E360068FB77 /* Files.swift in Sources */ = {isa = PBXBuildFile; fileRef = EAF3FE3229155E360068FB77 /* Files.swift */; };
/* End PBXBuildFile section */

/* Begin PBXFileReference section */
		1E1D9D5FDE20906DFCECF96D /* Pods-Swifty-Proteins.release.xcconfig */ = {isa = PBXFileReference; includeInIndex = 1; lastKnownFileType = text.xcconfig; name = "Pods-Swifty-Proteins.release.xcconfig"; path = "Target Support Files/Pods-Swifty-Proteins/Pods-Swifty-Proteins.release.xcconfig"; sourceTree = "<group>"; };
		8A3D5B2C3E5754C38FE68370 /* Pods_Swifty_Proteins.framework */ = {isa = PBXFileReference; explicitFileType = wrapper.framework; includeInIndex = 0; path = Pods_Swifty_Proteins.framework; sourceTree = BUILT_PRODUCTS_DIR; };
		EA0E100429153C8F00754D46 /* LoginViewController.swift */ = {isa = PBXFileReference; lastKnownFileType = sourcecode.swift; path = LoginViewController.swift; sourceTree = "<group>"; };
		EA0E100529153C8F00754D46 /* LoginView.swift */ = {isa = PBXFileReference; lastKnownFileType = sourcecode.swift; path = LoginView.swift; sourceTree = "<group>"; };
		EA0E100629153C8F00754D46 /* LoginViewModel.swift */ = {isa = PBXFileReference; lastKnownFileType = sourcecode.swift; path = LoginViewModel.swift; sourceTree = "<group>"; };
		EA13393D2916CC3E00C695BB /* ProteinListViewCell.swift */ = {isa = PBXFileReference; lastKnownFileType = sourcecode.swift; path = ProteinListViewCell.swift; sourceTree = "<group>"; };
		EA4F152C291542F300943616 /* AppRouter+Login.swift */ = {isa = PBXFileReference; lastKnownFileType = sourcecode.swift; path = "AppRouter+Login.swift"; sourceTree = "<group>"; };
		EAC05993291FC1B500DA7594 /* Rx+Ext.swift */ = {isa = PBXFileReference; lastKnownFileType = sourcecode.swift; path = "Rx+Ext.swift"; sourceTree = "<group>"; };
		EAC4A052290561E800F88736 /* Swifty-Proteins.app */ = {isa = PBXFileReference; explicitFileType = wrapper.application; includeInIndex = 0; path = "Swifty-Proteins.app"; sourceTree = BUILT_PRODUCTS_DIR; };
		EAC4A055290561E800F88736 /* AppDelegate.swift */ = {isa = PBXFileReference; lastKnownFileType = sourcecode.swift; path = AppDelegate.swift; sourceTree = "<group>"; };
		EAC4A057290561E800F88736 /* SceneDelegate.swift */ = {isa = PBXFileReference; lastKnownFileType = sourcecode.swift; path = SceneDelegate.swift; sourceTree = "<group>"; };
		EAC4A05E290561E800F88736 /* Assets.xcassets */ = {isa = PBXFileReference; lastKnownFileType = folder.assetcatalog; path = Assets.xcassets; sourceTree = "<group>"; };
		EAC4A061290561E800F88736 /* Base */ = {isa = PBXFileReference; lastKnownFileType = file.storyboard; name = Base; path = Base.lproj/LaunchScreen.storyboard; sourceTree = "<group>"; };
		EAC4A063290561E800F88736 /* Info.plist */ = {isa = PBXFileReference; lastKnownFileType = text.plist.xml; path = Info.plist; sourceTree = "<group>"; };
		EAE6F87C2915454A00A049D7 /* AppRouter+ProteinList.swift */ = {isa = PBXFileReference; lastKnownFileType = sourcecode.swift; path = "AppRouter+ProteinList.swift"; sourceTree = "<group>"; };
		EAE6F87D2915454A00A049D7 /* ProteinListViewController.swift */ = {isa = PBXFileReference; lastKnownFileType = sourcecode.swift; path = ProteinListViewController.swift; sourceTree = "<group>"; };
		EAE6F87E2915454A00A049D7 /* ProteinListView.swift */ = {isa = PBXFileReference; lastKnownFileType = sourcecode.swift; path = ProteinListView.swift; sourceTree = "<group>"; };
		EAE6F87F2915454A00A049D7 /* ProteinListViewModel.swift */ = {isa = PBXFileReference; lastKnownFileType = sourcecode.swift; path = ProteinListViewModel.swift; sourceTree = "<group>"; };
		EAE6F885291545EA00A049D7 /* AppRouter+Protein.swift */ = {isa = PBXFileReference; lastKnownFileType = sourcecode.swift; path = "AppRouter+Protein.swift"; sourceTree = "<group>"; };
		EAE6F886291545EA00A049D7 /* ProteinViewController.swift */ = {isa = PBXFileReference; lastKnownFileType = sourcecode.swift; path = ProteinViewController.swift; sourceTree = "<group>"; };
		EAE6F887291545EA00A049D7 /* ProteinView.swift */ = {isa = PBXFileReference; lastKnownFileType = sourcecode.swift; path = ProteinView.swift; sourceTree = "<group>"; };
		EAE6F888291545EA00A049D7 /* ProteinViewModel.swift */ = {isa = PBXFileReference; lastKnownFileType = sourcecode.swift; path = ProteinViewModel.swift; sourceTree = "<group>"; };
		EAF3FE29291557470068FB77 /* Base */ = {isa = PBXFileReference; lastKnownFileType = text.plist.strings; name = Base; path = Base.lproj/Localizable.strings; sourceTree = "<group>"; };
		EAF3FE2B291558860068FB77 /* Strings+Generated.swift */ = {isa = PBXFileReference; fileEncoding = 4; lastKnownFileType = sourcecode.swift; path = "Strings+Generated.swift"; sourceTree = "<group>"; };
		EAF3FE2D291559A60068FB77 /* Assets+Generated.swift */ = {isa = PBXFileReference; fileEncoding = 4; lastKnownFileType = sourcecode.swift; path = "Assets+Generated.swift"; sourceTree = "<group>"; };
		EAF3FE3029155D850068FB77 /* ligands.txt */ = {isa = PBXFileReference; fileEncoding = 4; lastKnownFileType = text; path = ligands.txt; sourceTree = "<group>"; };
		EAF3FE3229155E360068FB77 /* Files.swift */ = {isa = PBXFileReference; fileEncoding = 4; lastKnownFileType = sourcecode.swift; path = Files.swift; sourceTree = "<group>"; };
		ECFD1D0F81B7C08FACAC83EE /* Pods-Swifty-Proteins.debug.xcconfig */ = {isa = PBXFileReference; includeInIndex = 1; lastKnownFileType = text.xcconfig; name = "Pods-Swifty-Proteins.debug.xcconfig"; path = "Target Support Files/Pods-Swifty-Proteins/Pods-Swifty-Proteins.debug.xcconfig"; sourceTree = "<group>"; };
/* End PBXFileReference section */

/* Begin PBXFrameworksBuildPhase section */
		EAC4A04F290561E800F88736 /* Frameworks */ = {
			isa = PBXFrameworksBuildPhase;
			buildActionMask = 2147483647;
			files = (
				DAA8CC7208D8EA82339650FF /* Pods_Swifty_Proteins.framework in Frameworks */,
			);
			runOnlyForDeploymentPostprocessing = 0;
		};
/* End PBXFrameworksBuildPhase section */

/* Begin PBXGroup section */
		0AF4C3D3415DB2940380E5E5 /* Frameworks */ = {
			isa = PBXGroup;
			children = (
				8A3D5B2C3E5754C38FE68370 /* Pods_Swifty_Proteins.framework */,
			);
			name = Frameworks;
			sourceTree = "<group>";
		};
		E6F39C7597F5EAE74026D1DB /* Pods */ = {
			isa = PBXGroup;
			children = (
				ECFD1D0F81B7C08FACAC83EE /* Pods-Swifty-Proteins.debug.xcconfig */,
				1E1D9D5FDE20906DFCECF96D /* Pods-Swifty-Proteins.release.xcconfig */,
			);
			path = Pods;
			sourceTree = "<group>";
		};
		EA0E100229153B2300754D46 /* Scenes */ = {
			isa = PBXGroup;
			children = (
				EA0E100A29153C9300754D46 /* Login */,
				EAE6F87B2915453D00A049D7 /* ProteinList */,
				EAE6F884291545CB00A049D7 /* Protein */,
			);
			path = Scenes;
			sourceTree = "<group>";
		};
		EA0E100329153B2E00754D46 /* Resources */ = {
			isa = PBXGroup;
			children = (
				EAF3FE26291554030068FB77 /* Generated */,
				EAC4A05E290561E800F88736 /* Assets.xcassets */,
				EAC4A060290561E800F88736 /* LaunchScreen.storyboard */,
				EAC4A063290561E800F88736 /* Info.plist */,
				EAF3FE3029155D850068FB77 /* ligands.txt */,
				EAF3FE28291557470068FB77 /* Localizable.strings */,
			);
			path = Resources;
			sourceTree = "<group>";
		};
		EA0E100A29153C9300754D46 /* Login */ = {
			isa = PBXGroup;
			children = (
				EA0E100429153C8F00754D46 /* LoginViewController.swift */,
				EA0E100529153C8F00754D46 /* LoginView.swift */,
				EA0E100629153C8F00754D46 /* LoginViewModel.swift */,
				EA4F152C291542F300943616 /* AppRouter+Login.swift */,
			);
			path = Login;
			sourceTree = "<group>";
		};
		EA13393A2916CBDA00C695BB /* Views */ = {
			isa = PBXGroup;
			children = (
				EA13393D2916CC3E00C695BB /* ProteinListViewCell.swift */,
			);
			path = Views;
			sourceTree = "<group>";
		};
		EAC05992291FC1AC00DA7594 /* Helpers */ = {
			isa = PBXGroup;
			children = (
				EAC05993291FC1B500DA7594 /* Rx+Ext.swift */,
			);
			path = Helpers;
			sourceTree = "<group>";
		};
		EAC4A049290561E800F88736 = {
			isa = PBXGroup;
			children = (
				EAC4A054290561E800F88736 /* Swifty-Proteins */,
				EAC4A053290561E800F88736 /* Products */,
				E6F39C7597F5EAE74026D1DB /* Pods */,
				0AF4C3D3415DB2940380E5E5 /* Frameworks */,
			);
			sourceTree = "<group>";
		};
		EAC4A053290561E800F88736 /* Products */ = {
			isa = PBXGroup;
			children = (
				EAC4A052290561E800F88736 /* Swifty-Proteins.app */,
			);
			name = Products;
			sourceTree = "<group>";
		};
		EAC4A054290561E800F88736 /* Swifty-Proteins */ = {
			isa = PBXGroup;
			children = (
				EAC05992291FC1AC00DA7594 /* Helpers */,
				EA0E100329153B2E00754D46 /* Resources */,
				EA0E100229153B2300754D46 /* Scenes */,
				EAC4A055290561E800F88736 /* AppDelegate.swift */,
				EAC4A057290561E800F88736 /* SceneDelegate.swift */,
			);
			path = "Swifty-Proteins";
			sourceTree = "<group>";
		};
		EAE6F87B2915453D00A049D7 /* ProteinList */ = {
			isa = PBXGroup;
			children = (
				EA13393A2916CBDA00C695BB /* Views */,
				EAE6F87C2915454A00A049D7 /* AppRouter+ProteinList.swift */,
				EAE6F87D2915454A00A049D7 /* ProteinListViewController.swift */,
				EAE6F87E2915454A00A049D7 /* ProteinListView.swift */,
				EAE6F87F2915454A00A049D7 /* ProteinListViewModel.swift */,
			);
			path = ProteinList;
			sourceTree = "<group>";
		};
		EAE6F884291545CB00A049D7 /* Protein */ = {
			isa = PBXGroup;
			children = (
				EAE6F885291545EA00A049D7 /* AppRouter+Protein.swift */,
				EAE6F886291545EA00A049D7 /* ProteinViewController.swift */,
				EAE6F887291545EA00A049D7 /* ProteinView.swift */,
				EAE6F888291545EA00A049D7 /* ProteinViewModel.swift */,
			);
			path = Protein;
			sourceTree = "<group>";
		};
		EAF3FE26291554030068FB77 /* Generated */ = {
			isa = PBXGroup;
			children = (
				EAF3FE3229155E360068FB77 /* Files.swift */,
				EAF3FE2D291559A60068FB77 /* Assets+Generated.swift */,
				EAF3FE2B291558860068FB77 /* Strings+Generated.swift */,
			);
			path = Generated;
			sourceTree = "<group>";
		};
/* End PBXGroup section */

/* Begin PBXNativeTarget section */
		EAC4A051290561E800F88736 /* Swifty-Proteins */ = {
			isa = PBXNativeTarget;
			buildConfigurationList = EAC4A066290561E800F88736 /* Build configuration list for PBXNativeTarget "Swifty-Proteins" */;
			buildPhases = (
				F5C61F55B88DFD4B3367713D /* [CP] Check Pods Manifest.lock */,
				EAF3FE2F29155B1A0068FB77 /* SwiftGen */,
				EAC4A04E290561E800F88736 /* Sources */,
				EAC4A04F290561E800F88736 /* Frameworks */,
				EAC4A050290561E800F88736 /* Resources */,
				06F375654C5430FF94FFCBCC /* [CP] Embed Pods Frameworks */,
			);
			buildRules = (
			);
			dependencies = (
			);
			name = "Swifty-Proteins";
			productName = "Swifty-Proteins";
			productReference = EAC4A052290561E800F88736 /* Swifty-Proteins.app */;
			productType = "com.apple.product-type.application";
		};
/* End PBXNativeTarget section */

/* Begin PBXProject section */
		EAC4A04A290561E800F88736 /* Project object */ = {
			isa = PBXProject;
			attributes = {
				BuildIndependentTargetsInParallel = 1;
				LastSwiftUpdateCheck = 1400;
				LastUpgradeCheck = 1400;
				TargetAttributes = {
					EAC4A051290561E800F88736 = {
						CreatedOnToolsVersion = 14.0.1;
					};
				};
			};
			buildConfigurationList = EAC4A04D290561E800F88736 /* Build configuration list for PBXProject "Swifty-Proteins" */;
			compatibilityVersion = "Xcode 14.0";
			developmentRegion = en;
			hasScannedForEncodings = 0;
			knownRegions = (
				en,
				Base,
			);
			mainGroup = EAC4A049290561E800F88736;
			productRefGroup = EAC4A053290561E800F88736 /* Products */;
			projectDirPath = "";
			projectRoot = "";
			targets = (
				EAC4A051290561E800F88736 /* Swifty-Proteins */,
			);
		};
/* End PBXProject section */

/* Begin PBXResourcesBuildPhase section */
		EAC4A050290561E800F88736 /* Resources */ = {
			isa = PBXResourcesBuildPhase;
			buildActionMask = 2147483647;
			files = (
				EAC4A062290561E800F88736 /* LaunchScreen.storyboard in Resources */,
				EAF3FE2A291557470068FB77 /* Localizable.strings in Resources */,
				EAC4A05F290561E800F88736 /* Assets.xcassets in Resources */,
				EAF3FE3129155D850068FB77 /* ligands.txt in Resources */,
			);
			runOnlyForDeploymentPostprocessing = 0;
		};
/* End PBXResourcesBuildPhase section */

/* Begin PBXShellScriptBuildPhase section */
		06F375654C5430FF94FFCBCC /* [CP] Embed Pods Frameworks */ = {
			isa = PBXShellScriptBuildPhase;
			buildActionMask = 2147483647;
			files = (
			);
			inputFileListPaths = (
				"${PODS_ROOT}/Target Support Files/Pods-Swifty-Proteins/Pods-Swifty-Proteins-frameworks-${CONFIGURATION}-input-files.xcfilelist",
			);
			name = "[CP] Embed Pods Frameworks";
			outputFileListPaths = (
				"${PODS_ROOT}/Target Support Files/Pods-Swifty-Proteins/Pods-Swifty-Proteins-frameworks-${CONFIGURATION}-output-files.xcfilelist",
			);
			runOnlyForDeploymentPostprocessing = 0;
			shellPath = /bin/sh;
			shellScript = "\"${PODS_ROOT}/Target Support Files/Pods-Swifty-Proteins/Pods-Swifty-Proteins-frameworks.sh\"\n";
			showEnvVarsInLog = 0;
		};
		EAF3FE2F29155B1A0068FB77 /* SwiftGen */ = {
			isa = PBXShellScriptBuildPhase;
			alwaysOutOfDate = 1;
			buildActionMask = 2147483647;
			files = (
			);
			inputFileListPaths = (
			);
			inputPaths = (
			);
			name = SwiftGen;
			outputFileListPaths = (
			);
			outputPaths = (
			);
			runOnlyForDeploymentPostprocessing = 0;
			shellPath = /bin/sh;
			shellScript = "\"$PODS_ROOT/SwiftGen/bin/swiftgen\" config run\n";
		};
		F5C61F55B88DFD4B3367713D /* [CP] Check Pods Manifest.lock */ = {
			isa = PBXShellScriptBuildPhase;
			buildActionMask = 2147483647;
			files = (
			);
			inputFileListPaths = (
			);
			inputPaths = (
				"${PODS_PODFILE_DIR_PATH}/Podfile.lock",
				"${PODS_ROOT}/Manifest.lock",
			);
			name = "[CP] Check Pods Manifest.lock";
			outputFileListPaths = (
			);
			outputPaths = (
				"$(DERIVED_FILE_DIR)/Pods-Swifty-Proteins-checkManifestLockResult.txt",
			);
			runOnlyForDeploymentPostprocessing = 0;
			shellPath = /bin/sh;
			shellScript = "diff \"${PODS_PODFILE_DIR_PATH}/Podfile.lock\" \"${PODS_ROOT}/Manifest.lock\" > /dev/null\nif [ $? != 0 ] ; then\n    # print error to STDERR\n    echo \"error: The sandbox is not in sync with the Podfile.lock. Run 'pod install' or update your CocoaPods installation.\" >&2\n    exit 1\nfi\n# This output is used by Xcode 'outputs' to avoid re-running this script phase.\necho \"SUCCESS\" > \"${SCRIPT_OUTPUT_FILE_0}\"\n";
			showEnvVarsInLog = 0;
		};
/* End PBXShellScriptBuildPhase section */

/* Begin PBXSourcesBuildPhase section */
		EAC4A04E290561E800F88736 /* Sources */ = {
			isa = PBXSourcesBuildPhase;
			buildActionMask = 2147483647;
			files = (
				EAE6F88B291545EA00A049D7 /* ProteinView.swift in Sources */,
				EAE6F8822915454A00A049D7 /* ProteinListView.swift in Sources */,
				EAF3FE2E291559A60068FB77 /* Assets+Generated.swift in Sources */,
				EAE6F8802915454A00A049D7 /* AppRouter+ProteinList.swift in Sources */,
				EAE6F8832915454A00A049D7 /* ProteinListViewModel.swift in Sources */,
				EA0E100729153C8F00754D46 /* LoginViewController.swift in Sources */,
				EA13393E2916CC3E00C695BB /* ProteinListViewCell.swift in Sources */,
				EAC05994291FC1B500DA7594 /* Rx+Ext.swift in Sources */,
				EAE6F889291545EA00A049D7 /* AppRouter+Protein.swift in Sources */,
				EAF3FE2C291558860068FB77 /* Strings+Generated.swift in Sources */,
				EAE6F88C291545EA00A049D7 /* ProteinViewModel.swift in Sources */,
				EAE6F8812915454A00A049D7 /* ProteinListViewController.swift in Sources */,
				EAF3FE3329155E360068FB77 /* Files.swift in Sources */,
				EA0E100929153C8F00754D46 /* LoginViewModel.swift in Sources */,
				EAE6F88A291545EA00A049D7 /* ProteinViewController.swift in Sources */,
				EAC4A056290561E800F88736 /* AppDelegate.swift in Sources */,
				EA4F152D291542F300943616 /* AppRouter+Login.swift in Sources */,
				EA0E100829153C8F00754D46 /* LoginView.swift in Sources */,
				EAC4A058290561E800F88736 /* SceneDelegate.swift in Sources */,
			);
			runOnlyForDeploymentPostprocessing = 0;
		};
/* End PBXSourcesBuildPhase section */

/* Begin PBXVariantGroup section */
		EAC4A060290561E800F88736 /* LaunchScreen.storyboard */ = {
			isa = PBXVariantGroup;
			children = (
				EAC4A061290561E800F88736 /* Base */,
			);
			name = LaunchScreen.storyboard;
			sourceTree = "<group>";
		};
		EAF3FE28291557470068FB77 /* Localizable.strings */ = {
			isa = PBXVariantGroup;
			children = (
				EAF3FE29291557470068FB77 /* Base */,
			);
			name = Localizable.strings;
			sourceTree = "<group>";
		};
/* End PBXVariantGroup section */

/* Begin XCBuildConfiguration section */
		EAC4A064290561E800F88736 /* Debug */ = {
			isa = XCBuildConfiguration;
			buildSettings = {
				ALWAYS_SEARCH_USER_PATHS = NO;
				CLANG_ANALYZER_NONNULL = YES;
				CLANG_ANALYZER_NUMBER_OBJECT_CONVERSION = YES_AGGRESSIVE;
				CLANG_CXX_LANGUAGE_STANDARD = "gnu++20";
				CLANG_ENABLE_MODULES = YES;
				CLANG_ENABLE_OBJC_ARC = YES;
				CLANG_ENABLE_OBJC_WEAK = YES;
				CLANG_WARN_BLOCK_CAPTURE_AUTORELEASING = YES;
				CLANG_WARN_BOOL_CONVERSION = YES;
				CLANG_WARN_COMMA = YES;
				CLANG_WARN_CONSTANT_CONVERSION = YES;
				CLANG_WARN_DEPRECATED_OBJC_IMPLEMENTATIONS = YES;
				CLANG_WARN_DIRECT_OBJC_ISA_USAGE = YES_ERROR;
				CLANG_WARN_DOCUMENTATION_COMMENTS = YES;
				CLANG_WARN_EMPTY_BODY = YES;
				CLANG_WARN_ENUM_CONVERSION = YES;
				CLANG_WARN_INFINITE_RECURSION = YES;
				CLANG_WARN_INT_CONVERSION = YES;
				CLANG_WARN_NON_LITERAL_NULL_CONVERSION = YES;
				CLANG_WARN_OBJC_IMPLICIT_RETAIN_SELF = YES;
				CLANG_WARN_OBJC_LITERAL_CONVERSION = YES;
				CLANG_WARN_OBJC_ROOT_CLASS = YES_ERROR;
				CLANG_WARN_QUOTED_INCLUDE_IN_FRAMEWORK_HEADER = YES;
				CLANG_WARN_RANGE_LOOP_ANALYSIS = YES;
				CLANG_WARN_STRICT_PROTOTYPES = YES;
				CLANG_WARN_SUSPICIOUS_MOVE = YES;
				CLANG_WARN_UNGUARDED_AVAILABILITY = YES_AGGRESSIVE;
				CLANG_WARN_UNREACHABLE_CODE = YES;
				CLANG_WARN__DUPLICATE_METHOD_MATCH = YES;
				COPY_PHASE_STRIP = NO;
				DEBUG_INFORMATION_FORMAT = dwarf;
				ENABLE_STRICT_OBJC_MSGSEND = YES;
				ENABLE_TESTABILITY = YES;
				GCC_C_LANGUAGE_STANDARD = gnu11;
				GCC_DYNAMIC_NO_PIC = NO;
				GCC_NO_COMMON_BLOCKS = YES;
				GCC_OPTIMIZATION_LEVEL = 0;
				GCC_PREPROCESSOR_DEFINITIONS = (
					"DEBUG=1",
					"$(inherited)",
				);
				GCC_WARN_64_TO_32_BIT_CONVERSION = YES;
				GCC_WARN_ABOUT_RETURN_TYPE = YES_ERROR;
				GCC_WARN_UNDECLARED_SELECTOR = YES;
				GCC_WARN_UNINITIALIZED_AUTOS = YES_AGGRESSIVE;
				GCC_WARN_UNUSED_FUNCTION = YES;
				GCC_WARN_UNUSED_VARIABLE = YES;
				IPHONEOS_DEPLOYMENT_TARGET = 15.0;
				MTL_ENABLE_DEBUG_INFO = INCLUDE_SOURCE;
				MTL_FAST_MATH = YES;
				ONLY_ACTIVE_ARCH = YES;
				SDKROOT = iphoneos;
				SWIFT_ACTIVE_COMPILATION_CONDITIONS = DEBUG;
				SWIFT_OPTIMIZATION_LEVEL = "-Onone";
			};
			name = Debug;
		};
		EAC4A065290561E800F88736 /* Release */ = {
			isa = XCBuildConfiguration;
			buildSettings = {
				ALWAYS_SEARCH_USER_PATHS = NO;
				CLANG_ANALYZER_NONNULL = YES;
				CLANG_ANALYZER_NUMBER_OBJECT_CONVERSION = YES_AGGRESSIVE;
				CLANG_CXX_LANGUAGE_STANDARD = "gnu++20";
				CLANG_ENABLE_MODULES = YES;
				CLANG_ENABLE_OBJC_ARC = YES;
				CLANG_ENABLE_OBJC_WEAK = YES;
				CLANG_WARN_BLOCK_CAPTURE_AUTORELEASING = YES;
				CLANG_WARN_BOOL_CONVERSION = YES;
				CLANG_WARN_COMMA = YES;
				CLANG_WARN_CONSTANT_CONVERSION = YES;
				CLANG_WARN_DEPRECATED_OBJC_IMPLEMENTATIONS = YES;
				CLANG_WARN_DIRECT_OBJC_ISA_USAGE = YES_ERROR;
				CLANG_WARN_DOCUMENTATION_COMMENTS = YES;
				CLANG_WARN_EMPTY_BODY = YES;
				CLANG_WARN_ENUM_CONVERSION = YES;
				CLANG_WARN_INFINITE_RECURSION = YES;
				CLANG_WARN_INT_CONVERSION = YES;
				CLANG_WARN_NON_LITERAL_NULL_CONVERSION = YES;
				CLANG_WARN_OBJC_IMPLICIT_RETAIN_SELF = YES;
				CLANG_WARN_OBJC_LITERAL_CONVERSION = YES;
				CLANG_WARN_OBJC_ROOT_CLASS = YES_ERROR;
				CLANG_WARN_QUOTED_INCLUDE_IN_FRAMEWORK_HEADER = YES;
				CLANG_WARN_RANGE_LOOP_ANALYSIS = YES;
				CLANG_WARN_STRICT_PROTOTYPES = YES;
				CLANG_WARN_SUSPICIOUS_MOVE = YES;
				CLANG_WARN_UNGUARDED_AVAILABILITY = YES_AGGRESSIVE;
				CLANG_WARN_UNREACHABLE_CODE = YES;
				CLANG_WARN__DUPLICATE_METHOD_MATCH = YES;
				COPY_PHASE_STRIP = NO;
				DEBUG_INFORMATION_FORMAT = "dwarf-with-dsym";
				ENABLE_NS_ASSERTIONS = NO;
				ENABLE_STRICT_OBJC_MSGSEND = YES;
				GCC_C_LANGUAGE_STANDARD = gnu11;
				GCC_NO_COMMON_BLOCKS = YES;
				GCC_WARN_64_TO_32_BIT_CONVERSION = YES;
				GCC_WARN_ABOUT_RETURN_TYPE = YES_ERROR;
				GCC_WARN_UNDECLARED_SELECTOR = YES;
				GCC_WARN_UNINITIALIZED_AUTOS = YES_AGGRESSIVE;
				GCC_WARN_UNUSED_FUNCTION = YES;
				GCC_WARN_UNUSED_VARIABLE = YES;
				IPHONEOS_DEPLOYMENT_TARGET = 15.0;
				MTL_ENABLE_DEBUG_INFO = NO;
				MTL_FAST_MATH = YES;
				SDKROOT = iphoneos;
				SWIFT_COMPILATION_MODE = wholemodule;
				SWIFT_OPTIMIZATION_LEVEL = "-O";
				VALIDATE_PRODUCT = YES;
			};
			name = Release;
		};
		EAC4A067290561E800F88736 /* Debug */ = {
			isa = XCBuildConfiguration;
			baseConfigurationReference = ECFD1D0F81B7C08FACAC83EE /* Pods-Swifty-Proteins.debug.xcconfig */;
			buildSettings = {
				ASSETCATALOG_COMPILER_APPICON_NAME = AppIcon;
				ASSETCATALOG_COMPILER_GLOBAL_ACCENT_COLOR_NAME = AccentColor;
				CODE_SIGN_STYLE = Automatic;
				CURRENT_PROJECT_VERSION = 1;
				DEVELOPMENT_TEAM = QKTHPR44C2;
				GENERATE_INFOPLIST_FILE = YES;
				INFOPLIST_FILE = "Swifty-Proteins/Resources/Info.plist";
				INFOPLIST_KEY_UIApplicationSupportsIndirectInputEvents = YES;
				INFOPLIST_KEY_UILaunchStoryboardName = LaunchScreen;
				INFOPLIST_KEY_UIMainStoryboardFile = "";
				INFOPLIST_KEY_UISupportedInterfaceOrientations_iPad = "UIInterfaceOrientationPortrait UIInterfaceOrientationPortraitUpsideDown UIInterfaceOrientationLandscapeLeft UIInterfaceOrientationLandscapeRight";
				INFOPLIST_KEY_UISupportedInterfaceOrientations_iPhone = "UIInterfaceOrientationPortrait UIInterfaceOrientationLandscapeLeft UIInterfaceOrientationLandscapeRight";
				IPHONEOS_DEPLOYMENT_TARGET = 15.0;
				LD_RUNPATH_SEARCH_PATHS = (
					"$(inherited)",
					"@executable_path/Frameworks",
				);
				MARKETING_VERSION = 1.0;
				PRODUCT_BUNDLE_IDENTIFIER = "com.Swifty-Proteins";
				PRODUCT_NAME = "$(TARGET_NAME)";
				SUPPORTED_PLATFORMS = "iphoneos iphonesimulator";
				SUPPORTS_MACCATALYST = NO;
				SUPPORTS_MAC_DESIGNED_FOR_IPHONE_IPAD = YES;
				SWIFT_EMIT_LOC_STRINGS = YES;
				SWIFT_VERSION = 5.0;
				TARGETED_DEVICE_FAMILY = 1;
			};
			name = Debug;
		};
		EAC4A068290561E800F88736 /* Release */ = {
			isa = XCBuildConfiguration;
			baseConfigurationReference = 1E1D9D5FDE20906DFCECF96D /* Pods-Swifty-Proteins.release.xcconfig */;
			buildSettings = {
				ASSETCATALOG_COMPILER_APPICON_NAME = AppIcon;
				ASSETCATALOG_COMPILER_GLOBAL_ACCENT_COLOR_NAME = AccentColor;
				CODE_SIGN_STYLE = Automatic;
				CURRENT_PROJECT_VERSION = 1;
				DEVELOPMENT_TEAM = QKTHPR44C2;
				GENERATE_INFOPLIST_FILE = YES;
				INFOPLIST_FILE = "Swifty-Proteins/Resources/Info.plist";
				INFOPLIST_KEY_UIApplicationSupportsIndirectInputEvents = YES;
				INFOPLIST_KEY_UILaunchStoryboardName = LaunchScreen;
				INFOPLIST_KEY_UIMainStoryboardFile = "";
				INFOPLIST_KEY_UISupportedInterfaceOrientations_iPad = "UIInterfaceOrientationPortrait UIInterfaceOrientationPortraitUpsideDown UIInterfaceOrientationLandscapeLeft UIInterfaceOrientationLandscapeRight";
				INFOPLIST_KEY_UISupportedInterfaceOrientations_iPhone = "UIInterfaceOrientationPortrait UIInterfaceOrientationLandscapeLeft UIInterfaceOrientationLandscapeRight";
				IPHONEOS_DEPLOYMENT_TARGET = 15.0;
				LD_RUNPATH_SEARCH_PATHS = (
					"$(inherited)",
					"@executable_path/Frameworks",
				);
				MARKETING_VERSION = 1.0;
				PRODUCT_BUNDLE_IDENTIFIER = "com.Swifty-Proteins";
				PRODUCT_NAME = "$(TARGET_NAME)";
				SUPPORTED_PLATFORMS = "iphoneos iphonesimulator";
				SUPPORTS_MACCATALYST = NO;
				SUPPORTS_MAC_DESIGNED_FOR_IPHONE_IPAD = YES;
				SWIFT_EMIT_LOC_STRINGS = YES;
				SWIFT_VERSION = 5.0;
				TARGETED_DEVICE_FAMILY = 1;
			};
			name = Release;
		};
/* End XCBuildConfiguration section */

/* Begin XCConfigurationList section */
		EAC4A04D290561E800F88736 /* Build configuration list for PBXProject "Swifty-Proteins" */ = {
			isa = XCConfigurationList;
			buildConfigurations = (
				EAC4A064290561E800F88736 /* Debug */,
				EAC4A065290561E800F88736 /* Release */,
			);
			defaultConfigurationIsVisible = 0;
			defaultConfigurationName = Release;
		};
		EAC4A066290561E800F88736 /* Build configuration list for PBXNativeTarget "Swifty-Proteins" */ = {
			isa = XCConfigurationList;
			buildConfigurations = (
				EAC4A067290561E800F88736 /* Debug */,
				EAC4A068290561E800F88736 /* Release */,
			);
			defaultConfigurationIsVisible = 0;
			defaultConfigurationName = Release;
		};
/* End XCConfigurationList section */
	};
	rootObject = EAC4A04A290561E800F88736 /* Project object */;
}
